
Microsoft Visual Studio Solution File, Format Version 12.00
# Visual Studio Version 17
VisualStudioVersion = 17.8.34408.163
MinimumVisualStudioVersion = 10.0.40219.1
Project("{FAE04EC0-301F-11D3-BF4B-00C04F79EFBC}") = "SimpleFactoryConsole", "SimpleFactoryConsole\SimpleFactoryConsole.csproj", "{32528E39-3F9B-47F6-852F-DBC8BCC8B8D9}"
EndProject
Project("{2150E333-8FDC-42A3-9474-1A3956D46DE8}") = "Shared", "Shared", "{43402DA1-C450-4951-84AA-B483936C80A5}"
EndProject
Project("{FAE04EC0-301F-11D3-BF4B-00C04F79EFBC}") = "Factory", "SimpleFactory\Factory.csproj", "{987A3EAB-6633-4BEA-A9FE-26CCD30FA082}"
EndProject
Global
	GlobalSection(SolutionConfigurationPlatforms) = preSolution
		Debug|Any CPU = Debug|Any CPU
		Release|Any CPU = Release|Any CPU
	EndGlobalSection
	GlobalSection(ProjectConfigurationPlatforms) = postSolution
		{32528E39-3F9B-47F6-852F-DBC8BCC8B8D9}.Debug|Any CPU.ActiveCfg = Debug|Any CPU
		{32528E39-3F9B-47F6-852F-DBC8BCC8B8D9}.Debug|Any CPU.Build.0 = Debug|Any CPU
		{32528E39-3F9B-47F6-852F-DBC8BCC8B8D9}.Release|Any CPU.ActiveCfg = Release|Any CPU
		{32528E39-3F9B-47F6-852F-DBC8BCC8B8D9}.Release|Any CPU.Build.0 = Release|Any CPU
		{987A3EAB-6633-4BEA-A9FE-26CCD30FA082}.Debug|Any CPU.ActiveCfg = Debug|Any CPU
		{987A3EAB-6633-4BEA-A9FE-26CCD30FA082}.Debug|Any CPU.Build.0 = Debug|Any CPU
		{987A3EAB-6633-4BEA-A9FE-26CCD30FA082}.Release|Any CPU.ActiveCfg = Release|Any CPU
		{987A3EAB-6633-4BEA-A9FE-26CCD30FA082}.Release|Any CPU.Build.0 = Release|Any CPU
	EndGlobalSection
	GlobalSection(SolutionProperties) = preSolution
		HideSolutionNode = FALSE
	EndGlobalSection
	GlobalSection(NestedProjects) = preSolution
		{987A3EAB-6633-4BEA-A9FE-26CCD30FA082} = {43402DA1-C450-4951-84AA-B483936C80A5}
	EndGlobalSection
	GlobalSection(ExtensibilityGlobals) = postSolution
		SolutionGuid = {C84BE4C9-34F5-4C05-B5CC-AB4E0E2C8D98}
	EndGlobalSection
EndGlobal
